[ "base16": {:git, "https://github.com/goj/base16.git", "ec420aa4ce0fb971f155274c606e00188a2ed37d", []},
  "bullet": {:git, "https://github.com/extend/bullet.git", "458884c543a99f7c09438fd5989bec0802b42976", []},
  "cowboy": {:git, "https://github.com/extend/cowboy.git", "9eaee45c090b9cb170554bc7e09d679bc0598716", [tag: "0.8.6"]},
  "exlager": {:git, "https://github.com/khia/exlager.git", "f8dd0715d7668290d7d02a4517acfee4e8be885c", []},
  "exreloader": {:git, "https://github.com/couchemar/exreloader.git", "884b72d2e2f173e1ac3cd38ddc29a55e0c1a2cee", []},
  "genx": {:git, "https://github.com/yrashk/genx.git", "798775540947834077a9a69fd991a20f8bedd617", []},
  "goldrush": {:git, "https://github.com/DeadZen/goldrush.git", "879c69874a555b2c13498aa4a3da6f6bbbb6a031", [tag: "879c69874a"]},
  "gproc": {:git, "https://github.com/uwiger/gproc.git", "94171278211b28418287cfe45db0269834e14916", []},
  "jsonx": {:git, "https://github.com/iskra/jsonx.git", "031ee2d8a71cd2dd4c742dda25a4d8690c73db47", []},
  "lager": {:git, "https://github.com/basho/lager.git", "9b9e53f81c3659e86c99fdc0e5e56ade5d67cb58", []},
  "mimetypes": {:git, "https://github.com/spawngrid/mimetypes.git", "47d37a977a7d633199822bf6b08353007483d00f", []},
  "ranch": {:git, "https://github.com/extend/ranch.git", "4f70a16bbe08e446e8fec248ca345d5f8e7df038", [tag: "0.8.4"]} ]
